// !$*UTF8*$!
{
	archiveVersion = 1;
	classes = {
	};
	objectVersion = 50;
	objects = {

/* Begin PBXBuildFile section */
		60EFB54E24737539008C8A5D /* AppDelegate.swift in Sources */ = {isa = PBXBuildFile; fileRef = 60EFB54D24737539008C8A5D /* AppDelegate.swift */; };
		60EFB55024737539008C8A5D /* art.scnassets in Resources */ = {isa = PBXBuildFile; fileRef = 60EFB54F24737539008C8A5D /* art.scnassets */; };
		60EFB55224737539008C8A5D /* ViewController.swift in Sources */ = {isa = PBXBuildFile; fileRef = 60EFB55124737539008C8A5D /* ViewController.swift */; };
		60EFB55524737539008C8A5D /* Main.storyboard in Resources */ = {isa = PBXBuildFile; fileRef = 60EFB55324737539008C8A5D /* Main.storyboard */; };
		60EFB5572473753B008C8A5D /* Assets.xcassets in Resources */ = {isa = PBXBuildFile; fileRef = 60EFB5562473753B008C8A5D /* Assets.xcassets */; };
		60EFB55A2473753B008C8A5D /* LaunchScreen.storyboard in Resources */ = {isa = PBXBuildFile; fileRef = 60EFB5582473753B008C8A5D /* LaunchScreen.storyboard */; };
		60EFB5652473753C008C8A5D /* scope_trainer_prototypeTests.swift in Sources */ = {isa = PBXBuildFile; fileRef = 60EFB5642473753C008C8A5D /* scope_trainer_prototypeTests.swift */; };
		60EFB5702473753C008C8A5D /* scope_trainer_prototypeUITests.swift in Sources */ = {isa = PBXBuildFile; fileRef = 60EFB56F2473753C008C8A5D /* scope_trainer_prototypeUITests.swift */; };
/* End PBXBuildFile section */

/* Begin PBXContainerItemProxy section */
		60EFB5612473753C008C8A5D /* PBXContainerItemProxy */ = {
			isa = PBXContainerItemProxy;
			containerPortal = 60EFB54224737539008C8A5D /* Project object */;
			proxyType = 1;
			remoteGlobalIDString = 60EFB54924737539008C8A5D;
			remoteInfo = scope_trainer_prototype;
		};
		60EFB56C2473753C008C8A5D /* PBXContainerItemProxy */ = {
			isa = PBXContainerItemProxy;
			containerPortal = 60EFB54224737539008C8A5D /* Project object */;
			proxyType = 1;
			remoteGlobalIDString = 60EFB54924737539008C8A5D;
			remoteInfo = scope_trainer_prototype;
		};
/* End PBXContainerItemProxy section */

/* Begin PBXFileReference section */
		60EFB54A24737539008C8A5D /* scope_trainer_prototype.app */ = {isa = PBXFileReference; explicitFileType = wrapper.application; includeInIndex = 0; path = scope_trainer_prototype.app; sourceTree = BUILT_PRODUCTS_DIR; };
		60EFB54D24737539008C8A5D /* AppDelegate.swift */ = {isa = PBXFileReference; lastKnownFileType = sourcecode.swift; path = AppDelegate.swift; sourceTree = "<group>"; };
		60EFB54F24737539008C8A5D /* art.scnassets */ = {isa = PBXFileReference; lastKnownFileType = wrapper.scnassets; path = art.scnassets; sourceTree = "<group>"; };
		60EFB55124737539008C8A5D /* ViewController.swift */ = {isa = PBXFileReference; lastKnownFileType = sourcecode.swift; path = ViewController.swift; sourceTree = "<group>"; };
		60EFB55424737539008C8A5D /* Base */ = {isa = PBXFileReference; lastKnownFileType = file.storyboard; name = Base; path = Base.lproj/Main.storyboard; sourceTree = "<group>"; };
		60EFB5562473753B008C8A5D /* Assets.xcassets */ = {isa = PBXFileReference; lastKnownFileType = folder.assetcatalog; path = Assets.xcassets; sourceTree = "<group>"; };
		60EFB5592473753B008C8A5D /* Base */ = {isa = PBXFileReference; lastKnownFileType = file.storyboard; name = Base; path = Base.lproj/LaunchScreen.storyboard; sourceTree = "<group>"; };
		60EFB55B2473753B008C8A5D /* Info.plist */ = {isa = PBXFileReference; lastKnownFileType = text.plist.xml; path = Info.plist; sourceTree = "<group>"; };
		60EFB5602473753C008C8A5D /* scope_trainer_prototypeTests.xctest */ = {isa = PBXFileReference; explicitFileType = wrapper.cfbundle; includeInIndex = 0; path = scope_trainer_prototypeTests.xctest; sourceTree = BUILT_PRODUCTS_DIR; };
		60EFB5642473753C008C8A5D /* scope_trainer_prototypeTests.swift */ = {isa = PBXFileReference; lastKnownFileType = sourcecode.swift; path = scope_trainer_prototypeTests.swift; sourceTree = "<group>"; };
		60EFB5662473753C008C8A5D /* Info.plist */ = {isa = PBXFileReference; lastKnownFileType = text.plist.xml; path = Info.plist; sourceTree = "<group>"; };
		60EFB56B2473753C008C8A5D /* scope_trainer_prototypeUITests.xctest */ = {isa = PBXFileReference; explicitFileType = wrapper.cfbundle; includeInIndex = 0; path = scope_trainer_prototypeUITests.xctest; sourceTree = BUILT_PRODUCTS_DIR; };
		60EFB56F2473753C008C8A5D /* scope_trainer_prototypeUITests.swift */ = {isa = PBXFileReference; lastKnownFileType = sourcecode.swift; path = scope_trainer_prototypeUITests.swift; sourceTree = "<group>"; };
		60EFB5712473753C008C8A5D /* Info.plist */ = {isa = PBXFileReference; lastKnownFileType = text.plist.xml; path = Info.plist; sourceTree = "<group>"; };
/* End PBXFileReference section */

/* Begin PBXFrameworksBuildPhase section */
		60EFB54724737539008C8A5D /* Frameworks */ = {
			isa = PBXFrameworksBuildPhase;
			buildActionMask = 2147483647;
			files = (
			);
			runOnlyForDeploymentPostprocessing = 0;
		};
		60EFB55D2473753C008C8A5D /* Frameworks */ = {
			isa = PBXFrameworksBuildPhase;
			buildActionMask = 2147483647;
			files = (
			);
			runOnlyForDeploymentPostprocessing = 0;
		};
		60EFB5682473753C008C8A5D /* Frameworks */ = {
			isa = PBXFrameworksBuildPhase;
			buildActionMask = 2147483647;
			files = (
			);
			runOnlyForDeploymentPostprocessing = 0;
		};
/* End PBXFrameworksBuildPhase section */

/* Begin PBXGroup section */
		60EFB54124737539008C8A5D = {
			isa = PBXGroup;
			children = (
				60EFB54C24737539008C8A5D /* scope_trainer_prototype */,
				60EFB5632473753C008C8A5D /* scope_trainer_prototypeTests */,
				60EFB56E2473753C008C8A5D /* scope_trainer_prototypeUITests */,
				60EFB54B24737539008C8A5D /* Products */,
			);
			sourceTree = "<group>";
		};
		60EFB54B24737539008C8A5D /* Products */ = {
			isa = PBXGroup;
			children = (
				60EFB54A24737539008C8A5D /* scope_trainer_prototype.app */,
				60EFB5602473753C008C8A5D /* scope_trainer_prototypeTests.xctest */,
				60EFB56B2473753C008C8A5D /* scope_trainer_prototypeUITests.xctest */,
			);
			name = Products;
			sourceTree = "<group>";
		};
		60EFB54C24737539008C8A5D /* scope_trainer_prototype */ = {
			isa = PBXGroup;
			children = (
				60EFB54D24737539008C8A5D /* AppDelegate.swift */,
				60EFB54F24737539008C8A5D /* art.scnassets */,
				60EFB55124737539008C8A5D /* ViewController.swift */,
				60EFB55324737539008C8A5D /* Main.storyboard */,
				60EFB5562473753B008C8A5D /* Assets.xcassets */,
				60EFB5582473753B008C8A5D /* LaunchScreen.storyboard */,
				60EFB55B2473753B008C8A5D /* Info.plist */,
			);
			path = scope_trainer_prototype;
			sourceTree = "<group>";
		};
		60EFB5632473753C008C8A5D /* scope_trainer_prototypeTests */ = {
			isa = PBXGroup;
			children = (
				60EFB5642473753C008C8A5D /* scope_trainer_prototypeTests.swift */,
				60EFB5662473753C008C8A5D /* Info.plist */,
			);
			path = scope_trainer_prototypeTests;
			sourceTree = "<group>";
		};
		60EFB56E2473753C008C8A5D /* scope_trainer_prototypeUITests */ = {
			isa = PBXGroup;
			children = (
				60EFB56F2473753C008C8A5D /* scope_trainer_prototypeUITests.swift */,
				60EFB5712473753C008C8A5D /* Info.plist */,
			);
			path = scope_trainer_prototypeUITests;
			sourceTree = "<group>";
		};
/* End PBXGroup section */

/* Begin PBXNativeTarget section */
		60EFB54924737539008C8A5D /* scope_trainer_prototype */ = {
			isa = PBXNativeTarget;
			buildConfigurationList = 60EFB5742473753C008C8A5D /* Build configuration list for PBXNativeTarget "scope_trainer_prototype" */;
			buildPhases = (
				60EFB54624737539008C8A5D /* Sources */,
				60EFB54724737539008C8A5D /* Frameworks */,
				60EFB54824737539008C8A5D /* Resources */,
			);
			buildRules = (
			);
			dependencies = (
			);
			name = scope_trainer_prototype;
			productName = scope_trainer_prototype;
			productReference = 60EFB54A24737539008C8A5D /* scope_trainer_prototype.app */;
			productType = "com.apple.product-type.application";
		};
		60EFB55F2473753C008C8A5D /* scope_trainer_prototypeTests */ = {
			isa = PBXNativeTarget;
			buildConfigurationList = 60EFB5772473753C008C8A5D /* Build configuration list for PBXNativeTarget "scope_trainer_prototypeTests" */;
			buildPhases = (
				60EFB55C2473753C008C8A5D /* Sources */,
				60EFB55D2473753C008C8A5D /* Frameworks */,
				60EFB55E2473753C008C8A5D /* Resources */,
			);
			buildRules = (
			);
			dependencies = (
				60EFB5622473753C008C8A5D /* PBXTargetDependency */,
			);
			name = scope_trainer_prototypeTests;
			productName = scope_trainer_prototypeTests;
			productReference = 60EFB5602473753C008C8A5D /* scope_trainer_prototypeTests.xctest */;
			productType = "com.apple.product-type.bundle.unit-test";
		};
		60EFB56A2473753C008C8A5D /* scope_trainer_prototypeUITests */ = {
			isa = PBXNativeTarget;
			buildConfigurationList = 60EFB57A2473753C008C8A5D /* Build configuration list for PBXNativeTarget "scope_trainer_prototypeUITests" */;
			buildPhases = (
				60EFB5672473753C008C8A5D /* Sources */,
				60EFB5682473753C008C8A5D /* Frameworks */,
				60EFB5692473753C008C8A5D /* Resources */,
			);
			buildRules = (
			);
			dependencies = (
				60EFB56D2473753C008C8A5D /* PBXTargetDependency */,
			);
			name = scope_trainer_prototypeUITests;
			productName = scope_trainer_prototypeUITests;
			productReference = 60EFB56B2473753C008C8A5D /* scope_trainer_prototypeUITests.xctest */;
			productType = "com.apple.product-type.bundle.ui-testing";
		};
/* End PBXNativeTarget section */

/* Begin PBXProject section */
		60EFB54224737539008C8A5D /* Project object */ = {
			isa = PBXProject;
			attributes = {
				LastSwiftUpdateCheck = 1140;
				LastUpgradeCheck = 1140;
				ORGANIZATIONNAME = "Farhan Ahmed";
				TargetAttributes = {
					60EFB54924737539008C8A5D = {
						CreatedOnToolsVersion = 11.4.1;
					};
					60EFB55F2473753C008C8A5D = {
						CreatedOnToolsVersion = 11.4.1;
						TestTargetID = 60EFB54924737539008C8A5D;
					};
					60EFB56A2473753C008C8A5D = {
						CreatedOnToolsVersion = 11.4.1;
						TestTargetID = 60EFB54924737539008C8A5D;
					};
				};
			};
			buildConfigurationList = 60EFB54524737539008C8A5D /* Build configuration list for PBXProject "scope_trainer_prototype" */;
			compatibilityVersion = "Xcode 9.3";
			developmentRegion = en;
			hasScannedForEncodings = 0;
			knownRegions = (
				en,
				Base,
			);
			mainGroup = 60EFB54124737539008C8A5D;
			productRefGroup = 60EFB54B24737539008C8A5D /* Products */;
			projectDirPath = "";
			projectRoot = "";
			targets = (
				60EFB54924737539008C8A5D /* scope_trainer_prototype */,
				60EFB55F2473753C008C8A5D /* scope_trainer_prototypeTests */,
				60EFB56A2473753C008C8A5D /* scope_trainer_prototypeUITests */,
			);
		};
/* End PBXProject section */

/* Begin PBXResourcesBuildPhase section */
		60EFB54824737539008C8A5D /* Resources */ = {
			isa = PBXResourcesBuildPhase;
			buildActionMask = 2147483647;
			files = (
				60EFB55024737539008C8A5D /* art.scnassets in Resources */,
				60EFB55A2473753B008C8A5D /* LaunchScreen.storyboard in Resources */,
				60EFB5572473753B008C8A5D /* Assets.xcassets in Resources */,
				60EFB55524737539008C8A5D /* Main.storyboard in Resources */,
			);
			runOnlyForDeploymentPostprocessing = 0;
		};
		60EFB55E2473753C008C8A5D /* Resources */ = {
			isa = PBXResourcesBuildPhase;
			buildActionMask = 2147483647;
			files = (
			);
			runOnlyForDeploymentPostprocessing = 0;
		};
		60EFB5692473753C008C8A5D /* Resources */ = {
			isa = PBXResourcesBuildPhase;
			buildActionMask = 2147483647;
			files = (
			);
			runOnlyForDeploymentPostprocessing = 0;
		};
/* End PBXResourcesBuildPhase section */

/* Begin PBXSourcesBuildPhase section */
		60EFB54624737539008C8A5D /* Sources */ = {
			isa = PBXSourcesBuildPhase;
			buildActionMask = 2147483647;
			files = (
				60EFB55224737539008C8A5D /* ViewController.swift in Sources */,
				60EFB54E24737539008C8A5D /* AppDelegate.swift in Sources */,
			);
			runOnlyForDeploymentPostprocessing = 0;
		};
		60EFB55C2473753C008C8A5D /* Sources */ = {
			isa = PBXSourcesBuildPhase;
			buildActionMask = 2147483647;
			files = (
				60EFB5652473753C008C8A5D /* scope_trainer_prototypeTests.swift in Sources */,
			);
			runOnlyForDeploymentPostprocessing = 0;
		};
		60EFB5672473753C008C8A5D /* Sources */ = {
			isa = PBXSourcesBuildPhase;
			buildActionMask = 2147483647;
			files = (
				60EFB5702473753C008C8A5D /* scope_trainer_prototypeUITests.swift in Sources */,
			);
			runOnlyForDeploymentPostprocessing = 0;
		};
/* End PBXSourcesBuildPhase section */

/* Begin PBXTargetDependency section */
		60EFB5622473753C008C8A5D /* PBXTargetDependency */ = {
			isa = PBXTargetDependency;
			target = 60EFB54924737539008C8A5D /* scope_trainer_prototype */;
			targetProxy = 60EFB5612473753C008C8A5D /* PBXContainerItemProxy */;
		};
		60EFB56D2473753C008C8A5D /* PBXTargetDependency */ = {
			isa = PBXTargetDependency;
			target = 60EFB54924737539008C8A5D /* scope_trainer_prototype */;
			targetProxy = 60EFB56C2473753C008C8A5D /* PBXContainerItemProxy */;
		};
/* End PBXTargetDependency section */

/* Begin PBXVariantGroup section */
		60EFB55324737539008C8A5D /* Main.storyboard */ = {
			isa = PBXVariantGroup;
			children = (
				60EFB55424737539008C8A5D /* Base */,
			);
			name = Main.storyboard;
			sourceTree = "<group>";
		};
		60EFB5582473753B008C8A5D /* LaunchScreen.storyboard */ = {
			isa = PBXVariantGroup;
			children = (
				60EFB5592473753B008C8A5D /* Base */,
			);
			name = LaunchScreen.storyboard;
			sourceTree = "<group>";
		};
/* End PBXVariantGroup section */

/* Begin XCBuildConfiguration section */
		60EFB5722473753C008C8A5D /* Debug */ = {
			isa = XCBuildConfiguration;
			buildSettings = {
				ALWAYS_SEARCH_USER_PATHS = NO;
				CLANG_ANALYZER_NONNULL = YES;
				CLANG_ANALYZER_NUMBER_OBJECT_CONVERSION = YES_AGGRESSIVE;
				CLANG_CXX_LANGUAGE_STANDARD = "gnu++14";
				CLANG_CXX_LIBRARY = "libc++";
				CLANG_ENABLE_MODULES = YES;
				CLANG_ENABLE_OBJC_ARC = YES;
				CLANG_ENABLE_OBJC_WEAK = YES;
				CLANG_WARN_BLOCK_CAPTURE_AUTORELEASING = YES;
				CLANG_WARN_BOOL_CONVERSION = YES;
				CLANG_WARN_COMMA = YES;
				CLANG_WARN_CONSTANT_CONVERSION = YES;
				CLANG_WARN_DEPRECATED_OBJC_IMPLEMENTATIONS = YES;
				CLANG_WARN_DIRECT_OBJC_ISA_USAGE = YES_ERROR;
				CLANG_WARN_DOCUMENTATION_COMMENTS = YES;
				CLANG_WARN_EMPTY_BODY = YES;
				CLANG_WARN_ENUM_CONVERSION = YES;
				CLANG_WARN_INFINITE_RECURSION = YES;
				CLANG_WARN_INT_CONVERSION = YES;
				CLANG_WARN_NON_LITERAL_NULL_CONVERSION = YES;
				CLANG_WARN_OBJC_IMPLICIT_RETAIN_SELF = YES;
				CLANG_WARN_OBJC_LITERAL_CONVERSION = YES;
				CLANG_WARN_OBJC_ROOT_CLASS = YES_ERROR;
				CLANG_WARN_RANGE_LOOP_ANALYSIS = YES;
				CLANG_WARN_STRICT_PROTOTYPES = YES;
				CLANG_WARN_SUSPICIOUS_MOVE = YES;
				CLANG_WARN_UNGUARDED_AVAILABILITY = YES_AGGRESSIVE;
				CLANG_WARN_UNREACHABLE_CODE = YES;
				CLANG_WARN__DUPLICATE_METHOD_MATCH = YES;
				COPY_PHASE_STRIP = NO;
				DEBUG_INFORMATION_FORMAT = dwarf;
				ENABLE_STRICT_OBJC_MSGSEND = YES;
				ENABLE_TESTABILITY = YES;
				GCC_C_LANGUAGE_STANDARD = gnu11;
				GCC_DYNAMIC_NO_PIC = NO;
				GCC_NO_COMMON_BLOCKS = YES;
				GCC_OPTIMIZATION_LEVEL = 0;
				GCC_PREPROCESSOR_DEFINITIONS = (
					"DEBUG=1",
					"$(inherited)",
				);
				GCC_WARN_64_TO_32_BIT_CONVERSION = YES;
				GCC_WARN_ABOUT_RETURN_TYPE = YES_ERROR;
				GCC_WARN_UNDECLARED_SELECTOR = YES;
				GCC_WARN_UNINITIALIZED_AUTOS = YES_AGGRESSIVE;
				GCC_WARN_UNUSED_FUNCTION = YES;
				GCC_WARN_UNUSED_VARIABLE = YES;
				IPHONEOS_DEPLOYMENT_TARGET = 13.4;
				MTL_ENABLE_DEBUG_INFO = INCLUDE_SOURCE;
				MTL_FAST_MATH = YES;
				ONLY_ACTIVE_ARCH = YES;
				SDKROOT = iphoneos;
				SWIFT_ACTIVE_COMPILATION_CONDITIONS = DEBUG;
				SWIFT_OPTIMIZATION_LEVEL = "-Onone";
			};
			name = Debug;
		};
		60EFB5732473753C008C8A5D /* Release */ = {
			isa = XCBuildConfiguration;
			buildSettings = {
				ALWAYS_SEARCH_USER_PATHS = NO;
				CLANG_ANALYZER_NONNULL = YES;
				CLANG_ANALYZER_NUMBER_OBJECT_CONVERSION = YES_AGGRESSIVE;
				CLANG_CXX_LANGUAGE_STANDARD = "gnu++14";
				CLANG_CXX_LIBRARY = "libc++";
				CLANG_ENABLE_MODULES = YES;
				CLANG_ENABLE_OBJC_ARC = YES;
				CLANG_ENABLE_OBJC_WEAK = YES;
				CLANG_WARN_BLOCK_CAPTURE_AUTORELEASING = YES;
				CLANG_WARN_BOOL_CONVERSION = YES;
				CLANG_WARN_COMMA = YES;
				CLANG_WARN_CONSTANT_CONVERSION = YES;
				CLANG_WARN_DEPRECATED_OBJC_IMPLEMENTATIONS = YES;
				CLANG_WARN_DIRECT_OBJC_ISA_USAGE = YES_ERROR;
				CLANG_WARN_DOCUMENTATION_COMMENTS = YES;
				CLANG_WARN_EMPTY_BODY = YES;
				CLANG_WARN_ENUM_CONVERSION = YES;
				CLANG_WARN_INFINITE_RECURSION = YES;
				CLANG_WARN_INT_CONVERSION = YES;
				CLANG_WARN_NON_LITERAL_NULL_CONVERSION = YES;
				CLANG_WARN_OBJC_IMPLICIT_RETAIN_SELF = YES;
				CLANG_WARN_OBJC_LITERAL_CONVERSION = YES;
				CLANG_WARN_OBJC_ROOT_CLASS = YES_ERROR;
				CLANG_WARN_RANGE_LOOP_ANALYSIS = YES;
				CLANG_WARN_STRICT_PROTOTYPES = YES;
				CLANG_WARN_SUSPICIOUS_MOVE = YES;
				CLANG_WARN_UNGUARDED_AVAILABILITY = YES_AGGRESSIVE;
				CLANG_WARN_UNREACHABLE_CODE = YES;
				CLANG_WARN__DUPLICATE_METHOD_MATCH = YES;
				COPY_PHASE_STRIP = NO;
				DEBUG_INFORMATION_FORMAT = "dwarf-with-dsym";
				ENABLE_NS_ASSERTIONS = NO;
				ENABLE_STRICT_OBJC_MSGSEND = YES;
				GCC_C_LANGUAGE_STANDARD = gnu11;
				GCC_NO_COMMON_BLOCKS = YES;
				GCC_WARN_64_TO_32_BIT_CONVERSION = YES;
				GCC_WARN_ABOUT_RETURN_TYPE = YES_ERROR;
				GCC_WARN_UNDECLARED_SELECTOR = YES;
				GCC_WARN_UNINITIALIZED_AUTOS = YES_AGGRESSIVE;
				GCC_WARN_UNUSED_FUNCTION = YES;
				GCC_WARN_UNUSED_VARIABLE = YES;
				IPHONEOS_DEPLOYMENT_TARGET = 13.4;
				MTL_ENABLE_DEBUG_INFO = NO;
				MTL_FAST_MATH = YES;
				SDKROOT = iphoneos;
				SWIFT_COMPILATION_MODE = wholemodule;
				SWIFT_OPTIMIZATION_LEVEL = "-O";
				VALIDATE_PRODUCT = YES;
			};
			name = Release;
		};
		60EFB5752473753C008C8A5D /* Debug */ = {
			isa = XCBuildConfiguration;
			buildSettings = {
				ASSETCATALOG_COMPILER_APPICON_NAME = AppIcon;
				CODE_SIGN_STYLE = Automatic;
				DEVELOPMENT_TEAM = 4H733JAP7F;
				INFOPLIST_FILE = scope_trainer_prototype/Info.plist;
				IPHONEOS_DEPLOYMENT_TARGET = 12.1;
				LD_RUNPATH_SEARCH_PATHS = (
					"$(inherited)",
					"@executable_path/Frameworks",
				);
				PRODUCT_BUNDLE_IDENTIFIER = "com.farhan.scope-trainer-prototype";
				PRODUCT_NAME = "$(TARGET_NAME)";
				SWIFT_VERSION = 5.0;
				TARGETED_DEVICE_FAMILY = "1,2";
			};
			name = Debug;
		};
		60EFB5762473753C008C8A5D /* Release */ = {
			isa = XCBuildConfiguration;
			buildSettings = {
				ASSETCATALOG_COMPILER_APPICON_NAME = AppIcon;
				CODE_SIGN_STYLE = Automatic;
				DEVELOPMENT_TEAM = 4H733JAP7F;
				INFOPLIST_FILE = scope_trainer_prototype/Info.plist;
				IPHONEOS_DEPLOYMENT_TARGET = 12.1;
				LD_RUNPATH_SEARCH_PATHS = (
					"$(inherited)",
					"@executable_path/Frameworks",
				);
				PRODUCT_BUNDLE_IDENTIFIER = "com.farhan.scope-trainer-prototype";
				PRODUCT_NAME = "$(TARGET_NAME)";
				SWIFT_VERSION = 5.0;
				TARGETED_DEVICE_FAMILY = "1,2";
			};
			name = Release;
		};
		60EFB5782473753C008C8A5D /* Debug */ = {
			isa = XCBuildConfiguration;
			buildSettings = {
				ALWAYS_EMBED_SWIFT_STANDARD_LIBRARIES = YES;
				BUNDLE_LOADER = "$(TEST_HOST)";
				CODE_SIGN_STYLE = Automatic;
				DEVELOPMENT_TEAM = 4H733JAP7F;
				INFOPLIST_FILE = scope_trainer_prototypeTests/Info.plist;
				IPHONEOS_DEPLOYMENT_TARGET = 13.4;
				LD_RUNPATH_SEARCH_PATHS = (
					"$(inherited)",
					"@executable_path/Frameworks",
					"@loader_path/Frameworks",
				);
				PRODUCT_BUNDLE_IDENTIFIER = "com.farhan.scope-trainer-prototypeTests";
				PRODUCT_NAME = "$(TARGET_NAME)";
				SWIFT_VERSION = 5.0;
				TARGETED_DEVICE_FAMILY = "1,2";
				TEST_HOST = "$(BUILT_PRODUCTS_DIR)/scope_trainer_prototype.app/scope_trainer_prototype";
			};
			name = Debug;
		};
		60EFB5792473753C008C8A5D /* Release */ = {
			isa = XCBuildConfiguration;
			buildSettings = {
				ALWAYS_EMBED_SWIFT_STANDARD_LIBRARIES = YES;
				BUNDLE_LOADER = "$(TEST_HOST)";
				CODE_SIGN_STYLE = Automatic;
				DEVELOPMENT_TEAM = 4H733JAP7F;
				INFOPLIST_FILE = scope_trainer_prototypeTests/Info.plist;
				IPHONEOS_DEPLOYMENT_TARGET = 13.4;
				LD_RUNPATH_SEARCH_PATHS = (
					"$(inherited)",
					"@executable_path/Frameworks",
					"@loader_path/Frameworks",
				);
				PRODUCT_BUNDLE_IDENTIFIER = "com.farhan.scope-trainer-prototypeTests";
				PRODUCT_NAME = "$(TARGET_NAME)";
				SWIFT_VERSION = 5.0;
				TARGETED_DEVICE_FAMILY = "1,2";
				TEST_HOST = "$(BUILT_PRODUCTS_DIR)/scope_trainer_prototype.app/scope_trainer_prototype";
			};
			name = Release;
		};
		60EFB57B2473753C008C8A5D /* Debug */ = {
			isa = XCBuildConfiguration;
			buildSettings = {
				ALWAYS_EMBED_SWIFT_STANDARD_LIBRARIES = YES;
				CODE_SIGN_STYLE = Automatic;
				DEVELOPMENT_TEAM = 4H733JAP7F;
				INFOPLIST_FILE = scope_trainer_prototypeUITests/Info.plist;
				LD_RUNPATH_SEARCH_PATHS = (
					"$(inherited)",
					"@executable_path/Frameworks",
					"@loader_path/Frameworks",
				);
				PRODUCT_BUNDLE_IDENTIFIER = "com.farhan.scope-trainer-prototypeUITests";
				PRODUCT_NAME = "$(TARGET_NAME)";
				SWIFT_VERSION = 5.0;
				TARGETED_DEVICE_FAMILY = "1,2";
				TEST_TARGET_NAME = scope_trainer_prototype;
			};
			name = Debug;
		};
		60EFB57C2473753C008C8A5D /* Release */ = {
			isa = XCBuildConfiguration;
			buildSettings = {
				ALWAYS_EMBED_SWIFT_STANDARD_LIBRARIES = YES;
				CODE_SIGN_STYLE = Automatic;
				DEVELOPMENT_TEAM = 4H733JAP7F;
				INFOPLIST_FILE = scope_trainer_prototypeUITests/Info.plist;
				LD_RUNPATH_SEARCH_PATHS = (
					"$(inherited)",
					"@executable_path/Frameworks",
					"@loader_path/Frameworks",
				);
				PRODUCT_BUNDLE_IDENTIFIER = "com.farhan.scope-trainer-prototypeUITests";
				PRODUCT_NAME = "$(TARGET_NAME)";
				SWIFT_VERSION = 5.0;
				TARGETED_DEVICE_FAMILY = "1,2";
				TEST_TARGET_NAME = scope_trainer_prototype;
			};
			name = Release;
		};
/* End XCBuildConfiguration section */

/* Begin XCConfigurationList section */
		60EFB54524737539008C8A5D /* Build configuration list for PBXProject "scope_trainer_prototype" */ = {
			isa = XCConfigurationList;
			buildConfigurations = (
				60EFB5722473753C008C8A5D /* Debug */,
				60EFB5732473753C008C8A5D /* Release */,
			);
			defaultConfigurationIsVisible = 0;
			defaultConfigurationName = Release;
		};
		60EFB5742473753C008C8A5D /* Build configuration list for PBXNativeTarget "scope_trainer_prototype" */ = {
			isa = XCConfigurationList;
			buildConfigurations = (
				60EFB5752473753C008C8A5D /* Debug */,
				60EFB5762473753C008C8A5D /* Release */,
			);
			defaultConfigurationIsVisible = 0;
			defaultConfigurationName = Release;
		};
		60EFB5772473753C008C8A5D /* Build configuration list for PBXNativeTarget "scope_trainer_prototypeTests" */ = {
			isa = XCConfigurationList;
			buildConfigurations = (
				60EFB5782473753C008C8A5D /* Debug */,
				60EFB5792473753C008C8A5D /* Release */,
			);
			defaultConfigurationIsVisible = 0;
			defaultConfigurationName = Release;
		};
		60EFB57A2473753C008C8A5D /* Build configuration list for PBXNativeTarget "scope_trainer_prototypeUITests" */ = {
			isa = XCConfigurationList;
			buildConfigurations = (
				60EFB57B2473753C008C8A5D /* Debug */,
				60EFB57C2473753C008C8A5D /* Release */,
			);
			defaultConfigurationIsVisible = 0;
			defaultConfigurationName = Release;
		};
/* End XCConfigurationList section */
	};
	rootObject = 60EFB54224737539008C8A5D /* Project object */;
}
